
Microsoft Visual Studio Solution File, Format Version 12.00
# Visual Studio Version 17
VisualStudioVersion = 17.5.33424.131
MinimumVisualStudioVersion = 10.0.40219.1
Project("{FAE04EC0-301F-11D3-BF4B-00C04F79EFBC}") = "GildedRose", "GildedRose\GildedRose.csproj", "{DDFE9F0E-107B-4402-8345-30AF8BFAA34F}"
EndProject
Global
	GlobalSection(SolutionConfigurationPlatforms) = preSolution
		Debug|Any CPU = Debug|Any CPU
		Release|Any CPU = Release|Any CPU
	EndGlobalSection
	GlobalSection(ProjectConfigurationPlatforms) = postSolution
		{DDFE9F0E-107B-4402-8345-30AF8BFAA34F}.Debug|Any CPU.ActiveCfg = Debug|Any CPU
		{DDFE9F0E-107B-4402-8345-30AF8BFAA34F}.Debug|Any CPU.Build.0 = Debug|Any CPU
		{DDFE9F0E-107B-4402-8345-30AF8BFAA34F}.Release|Any CPU.ActiveCfg = Release|Any CPU
		{DDFE9F0E-107B-4402-8345-30AF8BFAA34F}.Release|Any CPU.Build.0 = Release|Any CPU
	EndGlobalSection
	GlobalSection(SolutionProperties) = preSolution
		HideSolutionNode = FALSE
	EndGlobalSection
	GlobalSection(ExtensibilityGlobals) = postSolution
		SolutionGuid = {CCC8BA25-2873-4F0F-873D-5DD29CD04165}
	EndGlobalSection
EndGlobal
